# Generated by pub
# See https://dart.dev/tools/pub/glossary#lockfile
packages:
  _flutterfire_internals:
    dependency: transitive
    description:
      name: _flutterfire_internals
      sha256: f175bc1414e4edf8c5b83372c98eeabecf8353f39c9da423c2cfdf1f1f508788
      url: "https://pub.dev"
    source: hosted
    version: "1.1.0"
  agora_rtc_engine:
    dependency: transitive
    description:
      name: agora_rtc_engine
      sha256: "2dad9b9b7dc92d3a2f47f6bd2f4feffffef355b1d1ea94f8e1e0f9c89d93a0de"
      url: "https://pub.dev"
    source: hosted
    version: "6.1.0"
  agora_rtm:
    dependency: transitive
    description:
      name: agora_rtm
      sha256: cc4881804ad027388b1871bf7d2881fe7903fb4328f16a8e5eb083ad0adf537f
      url: "https://pub.dev"
    source: hosted
    version: "1.5.0"
  agora_uikit:
    dependency: "direct main"
    description:
      name: agora_uikit
      sha256: e8269304fe4fd32d999ae340c5b19c86072b47194f437ed87cf94f0493c05527
      url: "https://pub.dev"
    source: hosted
    version: "1.3.1"
  async:
    dependency: transitive
    description:
      name: async
      sha256: bfe67ef28df125b7dddcea62755991f807aa39a2492a23e1550161692950bbe0
      url: "https://pub.dev"
    source: hosted
    version: "2.10.0"
  audioplayers:
    dependency: "direct main"
    description:
      name: audioplayers
      sha256: "6063c05f987596ba7a3dad9bb9a5d8adfa5e7c07b9bae5301b27c11d0b3a239f"
      url: "https://pub.dev"
    source: hosted
    version: "4.0.1"
  audioplayers_android:
    dependency: transitive
    description:
      name: audioplayers_android
      sha256: fb6bca878ad175d8f6ddc0e0a2d4226d81fa7c10747c12db420e96c7a096b2cc
      url: "https://pub.dev"
    source: hosted
    version: "3.0.1"
  audioplayers_darwin:
    dependency: transitive
    description:
      name: audioplayers_darwin
      sha256: c4a56c49347b2e85ac4e1efea218948ca0fba87f04d2a3d3de07ce2410037038
      url: "https://pub.dev"
    source: hosted
    version: "4.0.1"
  audioplayers_linux:
    dependency: transitive
    description:
      name: audioplayers_linux
      sha256: "897e24f190232a3fbb88134b062aa83a9240f55789b5e8d17c114283284ef56b"
      url: "https://pub.dev"
    source: hosted
    version: "2.0.1"
  audioplayers_platform_interface:
    dependency: transitive
    description:
      name: audioplayers_platform_interface
      sha256: "3a90a46198d375fc7d47bc1d3070c8fd8863b6469b7d87ca80f953efb090f976"
      url: "https://pub.dev"
    source: hosted
    version: "5.0.0"
  audioplayers_web:
    dependency: transitive
    description:
      name: audioplayers_web
      sha256: "4f5dcbfec0bf98ea09e243d5f5b64ea43a4e6710a2f292724bed16cdba3c691e"
      url: "https://pub.dev"
    source: hosted
    version: "3.0.1"
  audioplayers_windows:
    dependency: transitive
    description:
      name: audioplayers_windows
      sha256: "010f575653c01ccbe9756050b18df83d89426740e04b684f6438aa26c775a965"
      url: "https://pub.dev"
    source: hosted
    version: "2.0.1"
  boolean_selector:
    dependency: transitive
    description:
      name: boolean_selector
      sha256: "6cfb5af12253eaf2b368f07bacc5a80d1301a071c73360d746b7f2e32d762c66"
      url: "https://pub.dev"
    source: hosted
    version: "2.1.1"
  cached_network_image:
    dependency: "direct main"
    description:
      name: cached_network_image
      sha256: fd3d0dc1d451f9a252b32d95d3f0c3c487bc41a75eba2e6097cb0b9c71491b15
      url: "https://pub.dev"
    source: hosted
    version: "3.2.3"
  cached_network_image_platform_interface:
    dependency: transitive
    description:
      name: cached_network_image_platform_interface
      sha256: bb2b8403b4ccdc60ef5f25c70dead1f3d32d24b9d6117cfc087f496b178594a7
      url: "https://pub.dev"
    source: hosted
    version: "2.0.0"
  cached_network_image_web:
    dependency: transitive
    description:
      name: cached_network_image_web
      sha256: b8eb814ebfcb4dea049680f8c1ffb2df399e4d03bf7a352c775e26fa06e02fa0
      url: "https://pub.dev"
    source: hosted
    version: "1.0.2"
  cached_video_player:
    dependency: "direct main"
    description:
      name: cached_video_player
      sha256: "13c25fc1af3bb239da83d9e965d119463a67a782fd9af3714ed86a1182ded20c"
      url: "https://pub.dev"
    source: hosted
    version: "2.0.4"
  characters:
    dependency: transitive
    description:
      name: characters
      sha256: e6a326c8af69605aec75ed6c187d06b349707a27fbff8222ca9cc2cff167975c
      url: "https://pub.dev"
    source: hosted
    version: "1.2.1"
  clock:
    dependency: transitive
    description:
      name: clock
      sha256: cb6d7f03e1de671e34607e909a7213e31d7752be4fb66a86d29fe1eb14bfb5cf
      url: "https://pub.dev"
    source: hosted
    version: "1.1.1"
  cloud_firestore:
    dependency: "direct main"
    description:
      name: cloud_firestore
      sha256: "3a2dba23d7d084a2d3c2dfd240d2122908cca40bab2d142f7e107f40df174ab5"
      url: "https://pub.dev"
    source: hosted
    version: "4.5.0"
  cloud_firestore_platform_interface:
    dependency: transitive
    description:
      name: cloud_firestore_platform_interface
      sha256: "29349a0687bc31290ab81d1de2b1cdadb40d0ea3ab30d247323c6c5be0d4c6fc"
      url: "https://pub.dev"
    source: hosted
    version: "5.12.0"
  cloud_firestore_web:
    dependency: transitive
    description:
      name: cloud_firestore_web
      sha256: bc1fbcd6287acedded1139c9b13cfd47e792d5198f130f98759464839ea510a7
      url: "https://pub.dev"
    source: hosted
    version: "3.4.0"
  collection:
    dependency: transitive
    description:
      name: collection
      sha256: cfc915e6923fe5ce6e153b0723c753045de46de1b4d63771530504004a45fae0
      url: "https://pub.dev"
    source: hosted
    version: "1.17.0"
  country_picker:
    dependency: "direct main"
    description:
      name: country_picker
      sha256: aa975b41c8052298d227ff7ff58d6eddcad0196127445f72af7456224c9ef104
      url: "https://pub.dev"
    source: hosted
    version: "2.0.20"
  cross_file:
    dependency: transitive
    description:
      name: cross_file
      sha256: "7632a2bcddc8cef4afde3c6f80e69b29a7060e176f01119c229fe4eb3a2a3d4f"
      url: "https://pub.dev"
    source: hosted
    version: "0.3.3+1"
  crypto:
    dependency: transitive
    description:
      name: crypto
      sha256: aa274aa7774f8964e4f4f38cc994db7b6158dd36e9187aaceaddc994b35c6c67
      url: "https://pub.dev"
    source: hosted
    version: "3.0.2"
  csslib:
    dependency: transitive
    description:
      name: csslib
      sha256: b36c7f7e24c0bdf1bf9a3da461c837d1de64b9f8beb190c9011d8c72a3dfd745
      url: "https://pub.dev"
    source: hosted
    version: "0.17.2"
  cupertino_icons:
    dependency: "direct main"
    description:
      name: cupertino_icons
      sha256: e35129dc44c9118cee2a5603506d823bab99c68393879edb440e0090d07586be
      url: "https://pub.dev"
    source: hosted
    version: "1.0.5"
  cupertino_progress_bar:
    dependency: transitive
    description:
      name: cupertino_progress_bar
      sha256: "4962a7c6db9b94d1c19462ad6036fdf20db43defa4114c908a3c4cbef1b3a2e0"
      url: "https://pub.dev"
    source: hosted
    version: "0.2.0"
  cupertino_stepper:
    dependency: transitive
    description:
      name: cupertino_stepper
      sha256: "124690b8b23db7b43fc6d547688e42a9f3d73c8f46d0b210568e98a04b5645b2"
      url: "https://pub.dev"
    source: hosted
    version: "0.2.1"
  emoji_picker_flutter:
    dependency: "direct main"
    description:
      name: emoji_picker_flutter
      sha256: ece466d8da2dfcb773ae38c90a5548b8f0c6882a5cc51840429ac5dbdc43b5cb
      url: "https://pub.dev"
    source: hosted
    version: "1.5.4"
  enough_giphy:
    dependency: transitive
    description:
      name: enough_giphy
      sha256: e6dc82bc2cf9acb2ccb5202060bec809c6bf900a8281186f183874c5c97528c1
      url: "https://pub.dev"
    source: hosted
    version: "0.2.0"
  enough_giphy_flutter:
    dependency: "direct main"
    description:
      name: enough_giphy_flutter
      sha256: "123ffa20391de0ce7a36995439b5f2a46746ebe5fec8fd23864ff7405d35d352"
      url: "https://pub.dev"
    source: hosted
    version: "0.4.0"
  enough_platform_widgets:
    dependency: transitive
    description:
      name: enough_platform_widgets
      sha256: "7d9ae2de02decbff6d565348d5c4255a91879ce3ba77ebeaaf39a354f86bf52a"
      url: "https://pub.dev"
    source: hosted
    version: "0.7.2"
  fake_async:
    dependency: transitive
    description:
      name: fake_async
      sha256: "511392330127add0b769b75a987850d136345d9227c6b94c96a04cf4a391bf78"
      url: "https://pub.dev"
    source: hosted
    version: "1.3.1"
  ffi:
    dependency: transitive
    description:
      name: ffi
      sha256: a38574032c5f1dd06c4aee541789906c12ccaab8ba01446e800d9c5b79c4a978
      url: "https://pub.dev"
    source: hosted
    version: "2.0.1"
  file:
    dependency: transitive
    description:
      name: file
      sha256: b69516f2c26a5bcac4eee2e32512e1a5205ab312b3536c1c1227b2b942b5f9ad
      url: "https://pub.dev"
    source: hosted
    version: "6.1.2"
  firebase_auth:
    dependency: "direct main"
    description:
      name: firebase_auth
      sha256: e946a21254784116d32e497e09b851b4d03a3c65880e80d6939a720dfce88aed
      url: "https://pub.dev"
    source: hosted
    version: "4.2.2"
  firebase_auth_platform_interface:
    dependency: transitive
    description:
      name: firebase_auth_platform_interface
      sha256: "5d5f283517ba34afd69ef448cc81ea23bcf8887393bedae4f70f45060b045fb9"
      url: "https://pub.dev"
    source: hosted
    version: "6.13.0"
  firebase_auth_web:
    dependency: transitive
    description:
      name: firebase_auth_web
      sha256: bf8f3093c141abd0a624e0244864154d9db694682ba0cc1fcfdf60ecb6f7f2e3
      url: "https://pub.dev"
    source: hosted
    version: "5.2.2"
  firebase_core:
    dependency: "direct main"
    description:
      name: firebase_core
      sha256: ed611fb8e67e43ecc7956f242cecca383d87cf71aace27287aa5dd4bdba4ac07
      url: "https://pub.dev"
    source: hosted
    version: "2.9.0"
  firebase_core_platform_interface:
    dependency: transitive
    description:
      name: firebase_core_platform_interface
      sha256: "0df0a064ab0cad7f8836291ca6f3272edd7b83ad5b3540478ee46a0849d8022b"
      url: "https://pub.dev"
    source: hosted
    version: "4.6.0"
  firebase_core_web:
    dependency: transitive
    description:
      name: firebase_core_web
      sha256: "347351a8f0518f3343d79a9a0690fa67ad232fc32e2ea270677791949eac792b"
      url: "https://pub.dev"
    source: hosted
    version: "2.3.0"
  firebase_storage:
    dependency: "direct main"
    description:
      name: firebase_storage
      sha256: a27909491c25acef90acc932be4d87bafb9d33fb98678edd2f81eaec9568a109
      url: "https://pub.dev"
    source: hosted
    version: "11.1.0"
  firebase_storage_platform_interface:
    dependency: transitive
    description:
      name: firebase_storage_platform_interface
      sha256: f254e064890df4ee588f10bea06d679e047018910451a4bc3c529b9791adb0a9
      url: "https://pub.dev"
    source: hosted
    version: "4.2.0"
  firebase_storage_web:
    dependency: transitive
    description:
      name: firebase_storage_web
      sha256: b6d3c104fecafdce5fe1795306d33856c9a11fa76f73fe7eb062430fc151d686
      url: "https://pub.dev"
    source: hosted
    version: "3.4.0"
  flutter:
    dependency: "direct main"
    description: flutter
    source: sdk
    version: "0.0.0"
  flutter_blurhash:
    dependency: transitive
    description:
      name: flutter_blurhash
      sha256: "05001537bd3fac7644fa6558b09ec8c0a3f2eba78c0765f88912882b1331a5c6"
      url: "https://pub.dev"
    source: hosted
    version: "0.7.0"
  flutter_cache_manager:
    dependency: transitive
    description:
      name: flutter_cache_manager
      sha256: "32cd900555219333326a2d0653aaaf8671264c29befa65bbd9856d204a4c9fb3"
      url: "https://pub.dev"
    source: hosted
    version: "3.3.0"
  flutter_contacts:
    dependency: "direct main"
    description:
      name: flutter_contacts
      sha256: "22acebf2ae12dd1ba8340a47e5cbe3cb2c91d9d8fe96194195291afec3d56d40"
      url: "https://pub.dev"
    source: hosted
    version: "1.1.6"
  flutter_lints:
    dependency: "direct dev"
    description:
      name: flutter_lints
      sha256: aeb0b80a8b3709709c9cc496cdc027c5b3216796bc0af0ce1007eaf24464fd4c
      url: "https://pub.dev"
    source: hosted
    version: "2.0.1"
  flutter_platform_widgets:
    dependency: transitive
    description:
      name: flutter_platform_widgets
      sha256: "54c0addd1651d031f4714b000a34e3763a36ff6a972aa8d8fdf6167f1b9b6648"
      url: "https://pub.dev"
    source: hosted
    version: "3.2.1"
  flutter_plugin_android_lifecycle:
    dependency: transitive
    description:
      name: flutter_plugin_android_lifecycle
      sha256: "6ffe524cd6a7d49d99b2bf979a4f6ad82304c639cea4c8d3d0f8cf1aff24e74a"
      url: "https://pub.dev"
    source: hosted
    version: "2.0.6"
  flutter_riverpod:
    dependency: "direct main"
    description:
      name: flutter_riverpod
      sha256: "812dfbb87af51e73e68ea038bcfd1c732078d6838d3388d03283db7dec0d1e5f"
      url: "https://pub.dev"
    source: hosted
    version: "2.3.4"
  flutter_sound:
    dependency: "direct main"
    description:
      name: flutter_sound
      sha256: "090a4694b11ecc744c2010621c4ffc5fe7c3079d304ea014961a72c7b72cfe6c"
      url: "https://pub.dev"
    source: hosted
    version: "9.2.13"
  flutter_sound_platform_interface:
    dependency: transitive
    description:
      name: flutter_sound_platform_interface
      sha256: "4537eaeb58a32748c42b621ad6116f7f4c6ee0a8d6ffaa501b165fe1c9df4753"
      url: "https://pub.dev"
    source: hosted
    version: "9.2.13"
  flutter_sound_web:
    dependency: transitive
    description:
      name: flutter_sound_web
      sha256: ad4ca92671a1879e1f613e900bbbdb8170b20d57d1e4e6363018fe56b055594f
      url: "https://pub.dev"
    source: hosted
    version: "9.2.13"
  flutter_test:
    dependency: "direct dev"
    description: flutter
    source: sdk
    version: "0.0.0"
  flutter_web_plugins:
    dependency: transitive
    description: flutter
    source: sdk
    version: "0.0.0"
  html:
    dependency: transitive
    description:
      name: html
      sha256: bfef906cbd4e78ef49ae511d9074aebd1d2251482ef601a280973e8b58b51bbf
      url: "https://pub.dev"
    source: hosted
    version: "0.15.0"
  http:
    dependency: transitive
    description:
      name: http
      sha256: "6aa2946395183537c8b880962d935877325d6a09a2867c3970c05c0fed6ac482"
      url: "https://pub.dev"
    source: hosted
    version: "0.13.5"
  http_parser:
    dependency: transitive
    description:
      name: http_parser
      sha256: db3060f22889f3d9d55f6a217565486737037eec3609f7f3eca4d0c67ee0d8a0
      url: "https://pub.dev"
    source: hosted
    version: "4.0.1"
  image_picker:
    dependency: "direct main"
    description:
      name: image_picker
      sha256: "8b0efbf350ba4f2be1531d629396a994983d0c02f4a82a128aed84d954b90cfa"
      url: "https://pub.dev"
    source: hosted
    version: "0.8.7+2"
  image_picker_android:
    dependency: transitive
    description:
      name: image_picker_android
      sha256: "2d4c2634731ced2debc2a36273351dd1cb68080d505c12c472b0dc0657cd853c"
      url: "https://pub.dev"
    source: hosted
    version: "0.8.5+1"
  image_picker_for_web:
    dependency: transitive
    description:
      name: image_picker_for_web
      sha256: "60f306ffbdcada4bc8b2691acc420258a1b758e102c87c4f94fb568d640f0e0e"
      url: "https://pub.dev"
    source: hosted
    version: "2.1.8"
  image_picker_ios:
    dependency: transitive
    description:
      name: image_picker_ios
      sha256: a1546ff5861fc15812953d4733b520c3d371cec3d2859a001ff04c46c4d81883
      url: "https://pub.dev"
    source: hosted
    version: "0.8.7+3"
  image_picker_platform_interface:
    dependency: transitive
    description:
      name: image_picker_platform_interface
      sha256: "1991219d9dbc42a99aff77e663af8ca51ced592cd6685c9485e3458302d3d4f8"
      url: "https://pub.dev"
    source: hosted
    version: "2.6.3"
  intl:
    dependency: "direct main"
    description:
      name: intl
      sha256: a3715e3bc90294e971cb7dc063fbf3cd9ee0ebf8604ffeafabd9e6f16abbdbe6
      url: "https://pub.dev"
    source: hosted
    version: "0.18.0"
  iris_event:
    dependency: transitive
    description:
      name: iris_event
      sha256: bd5d84ac0edb0dd65dfadfae1e76422f783e73a73c9a06b4e78419d0d3a2d48e
      url: "https://pub.dev"
    source: hosted
    version: "2.0.0"
  js:
    dependency: transitive
    description:
      name: js
      sha256: "5528c2f391ededb7775ec1daa69e65a2d61276f7552de2b5f7b8d34ee9fd4ab7"
      url: "https://pub.dev"
    source: hosted
    version: "0.6.5"
  json_annotation:
    dependency: transitive
    description:
      name: json_annotation
      sha256: cb314f00b2488de7bc575207e54402cd2f92363f333a7933fd1b0631af226baa
      url: "https://pub.dev"
    source: hosted
    version: "4.6.0"
  lints:
    dependency: transitive
    description:
      name: lints
      sha256: "5e4a9cd06d447758280a8ac2405101e0e2094d2a1dbdd3756aec3fe7775ba593"
      url: "https://pub.dev"
    source: hosted
    version: "2.0.1"
  logger:
    dependency: transitive
    description:
      name: logger
      sha256: "5076f09225f91dc49289a4ccb92df2eeea9ea01cf7c26d49b3a1f04c6a49eec1"
      url: "https://pub.dev"
    source: hosted
    version: "1.1.0"
  matcher:
    dependency: transitive
    description:
      name: matcher
      sha256: "16db949ceee371e9b99d22f88fa3a73c4e59fd0afed0bd25fc336eb76c198b72"
      url: "https://pub.dev"
    source: hosted
    version: "0.12.13"
  material_color_utilities:
    dependency: transitive
    description:
      name: material_color_utilities
      sha256: d92141dc6fe1dad30722f9aa826c7fbc896d021d792f80678280601aff8cf724
      url: "https://pub.dev"
    source: hosted
    version: "0.2.0"
  meta:
    dependency: transitive
    description:
      name: meta
      sha256: "6c268b42ed578a53088d834796959e4a1814b5e9e164f147f580a386e5decf42"
      url: "https://pub.dev"
    source: hosted
    version: "1.8.0"
  nested:
    dependency: transitive
    description:
      name: nested
      sha256: "03bac4c528c64c95c722ec99280375a6f2fc708eec17c7b3f07253b626cd2a20"
      url: "https://pub.dev"
    source: hosted
    version: "1.0.0"
  octo_image:
    dependency: transitive
    description:
      name: octo_image
      sha256: "107f3ed1330006a3bea63615e81cf637433f5135a52466c7caa0e7152bca9143"
      url: "https://pub.dev"
    source: hosted
    version: "1.0.2"
  path:
    dependency: transitive
    description:
      name: path
      sha256: db9d4f58c908a4ba5953fcee2ae317c94889433e5024c27ce74a37f94267945b
      url: "https://pub.dev"
    source: hosted
    version: "1.8.2"
  path_provider:
    dependency: "direct main"
    description:
      name: path_provider
      sha256: c7edf82217d4b2952b2129a61d3ad60f1075b9299e629e149a8d2e39c2e6aad4
      url: "https://pub.dev"
    source: hosted
    version: "2.0.14"
  path_provider_android:
    dependency: transitive
    description:
      name: path_provider_android
      sha256: cf7c403a541fc68cd398fb91a7eea8ec234813547d5b55245eed644d1246c5d8
      url: "https://pub.dev"
    source: hosted
    version: "2.0.16"
  path_provider_foundation:
    dependency: transitive
    description:
      name: path_provider_foundation
      sha256: ad4c4d011830462633f03eb34445a45345673dfd4faf1ab0b4735fbd93b19183
      url: "https://pub.dev"
    source: hosted
    version: "2.2.2"
  path_provider_linux:
    dependency: transitive
    description:
      name: path_provider_linux
      sha256: ab0987bf95bc591da42dffb38c77398fc43309f0b9b894dcc5d6f40c4b26c379
      url: "https://pub.dev"
    source: hosted
    version: "2.1.7"
  path_provider_platform_interface:
    dependency: transitive
    description:
      name: path_provider_platform_interface
      sha256: "27dc7a224fcd07444cb5e0e60423ccacea3e13cf00fc5282ac2c918132da931d"
      url: "https://pub.dev"
    source: hosted
    version: "2.0.4"
  path_provider_windows:
    dependency: transitive
    description:
      name: path_provider_windows
      sha256: "999d3dc2ac03ca3f8433018efa40b73558fa4f9759bf8383a217861d120c7d74"
      url: "https://pub.dev"
    source: hosted
    version: "2.1.0"
  pedantic:
    dependency: transitive
    description:
      name: pedantic
      sha256: "67fc27ed9639506c856c840ccce7594d0bdcd91bc8d53d6e52359449a1d50602"
      url: "https://pub.dev"
    source: hosted
    version: "1.11.1"
  permission_handler:
    dependency: "direct main"
    description:
      name: permission_handler
      sha256: "33c6a1253d1f95fd06fa74b65b7ba907ae9811f9d5c1d3150e51417d04b8d6a8"
      url: "https://pub.dev"
    source: hosted
    version: "10.2.0"
  permission_handler_android:
    dependency: transitive
    description:
      name: permission_handler_android
      sha256: "8028362b40c4a45298f1cbfccd227c8dd6caf0e27088a69f2ba2ab15464159e2"
      url: "https://pub.dev"
    source: hosted
    version: "10.2.0"
  permission_handler_apple:
    dependency: transitive
    description:
      name: permission_handler_apple
      sha256: ee96ac32f5a8e6f80756e25b25b9f8e535816c8e6665a96b6d70681f8c4f7e85
      url: "https://pub.dev"
    source: hosted
    version: "9.0.8"
  permission_handler_platform_interface:
    dependency: transitive
    description:
      name: permission_handler_platform_interface
      sha256: "68abbc472002b5e6dfce47fe9898c6b7d8328d58b5d2524f75e277c07a97eb84"
      url: "https://pub.dev"
    source: hosted
    version: "3.9.0"
  permission_handler_windows:
    dependency: transitive
    description:
      name: permission_handler_windows
      sha256: f67cab14b4328574938ecea2db3475dad7af7ead6afab6338772c5f88963e38b
      url: "https://pub.dev"
    source: hosted
    version: "0.1.2"
  platform:
    dependency: transitive
    description:
      name: platform
      sha256: "4a451831508d7d6ca779f7ac6e212b4023dd5a7d08a27a63da33756410e32b76"
      url: "https://pub.dev"
    source: hosted
    version: "3.1.0"
  plugin_platform_interface:
    dependency: transitive
    description:
      name: plugin_platform_interface
      sha256: "6a2128648c854906c53fa8e33986fc0247a1116122f9534dd20e3ab9e16a32bc"
      url: "https://pub.dev"
    source: hosted
    version: "2.1.4"
  process:
    dependency: transitive
    description:
      name: process
      sha256: "53fd8db9cec1d37b0574e12f07520d582019cb6c44abf5479a01505099a34a09"
      url: "https://pub.dev"
    source: hosted
    version: "4.2.4"
  provider:
    dependency: transitive
    description:
      name: provider
      sha256: "8d7d4c2df46d6a6270a4e10404bfecb18a937e3e00f710c260d0a10415ce6b7b"
      url: "https://pub.dev"
    source: hosted
    version: "6.0.3"
  recase:
    dependency: transitive
    description:
      name: recase
      sha256: "7aec9b9f498cba65ed969eda51ea3d86a77bbd633d876b57d9db7d9f94fc6ca5"
      url: "https://pub.dev"
    source: hosted
    version: "4.0.0"
  riverpod:
    dependency: transitive
    description:
      name: riverpod
      sha256: "77ab3bcd084bb19fa8717a526217787c725d7f5be938404c7839cd760fdf6ae5"
      url: "https://pub.dev"
    source: hosted
    version: "2.3.4"
  rxdart:
    dependency: transitive
    description:
      name: rxdart
      sha256: "933db29250b286ecfe08a552f991f0e9f245f3f8ba1e5fb37f2f55d1f82888cb"
      url: "https://pub.dev"
    source: hosted
    version: "0.27.4"
  shared_preferences:
    dependency: transitive
    description:
      name: shared_preferences
      sha256: "76917b7d4b9526b2ba416808a7eb9fb2863c1a09cf63ec85f1453da240fa818a"
      url: "https://pub.dev"
    source: hosted
    version: "2.0.15"
  shared_preferences_android:
    dependency: transitive
    description:
      name: shared_preferences_android
      sha256: "853801ce6ba7429ec4e923e37317f32a57c903de50b8c33ffcfbdb7e6f0dd39c"
      url: "https://pub.dev"
    source: hosted
    version: "2.0.12"
  shared_preferences_ios:
    dependency: transitive
    description:
      name: shared_preferences_ios
      sha256: "585a14cefec7da8c9c2fb8cd283a3bb726b4155c0952afe6a0caaa7b2272de34"
      url: "https://pub.dev"
    source: hosted
    version: "2.1.1"
  shared_preferences_linux:
    dependency: transitive
    description:
      name: shared_preferences_linux
      sha256: "28aefc1261746e7bad3d09799496054beb84e8c4ffcdfed7734e17b4ada459a5"
      url: "https://pub.dev"
    source: hosted
    version: "2.1.1"
  shared_preferences_macos:
    dependency: transitive
    description:
      name: shared_preferences_macos
      sha256: fbb94bf296576f49be37a1496d5951796211a8db0aa22cc0d68c46440dad808c
      url: "https://pub.dev"
    source: hosted
    version: "2.0.4"
  shared_preferences_platform_interface:
    dependency: transitive
    description:
      name: shared_preferences_platform_interface
      sha256: "992f0fdc46d0a3c0ac2e5859f2de0e577bbe51f78a77ee8f357cbe626a2ad32d"
      url: "https://pub.dev"
    source: hosted
    version: "2.0.0"
  shared_preferences_web:
    dependency: transitive
    description:
      name: shared_preferences_web
      sha256: a4b5bc37fe1b368bbc81f953197d55e12f49d0296e7e412dfe2d2d77d6929958
      url: "https://pub.dev"
    source: hosted
    version: "2.0.4"
  shared_preferences_windows:
    dependency: transitive
    description:
      name: shared_preferences_windows
      sha256: "97f7ab9a7da96d9cf19581f5de520ceb529548498bd6b5e0ccd02d68a0d15eba"
      url: "https://pub.dev"
    source: hosted
    version: "2.1.1"
  sky_engine:
    dependency: transitive
    description: flutter
    source: sdk
    version: "0.0.99"
  source_span:
    dependency: transitive
    description:
      name: source_span
      sha256: dd904f795d4b4f3b870833847c461801f6750a9fa8e61ea5ac53f9422b31f250
      url: "https://pub.dev"
    source: hosted
    version: "1.9.1"
  sqflite:
    dependency: transitive
    description:
      name: sqflite
      sha256: "871add98426a67a41bf4768d3130f2b67fd551e21f34196f96ccedee8dd1dc23"
      url: "https://pub.dev"
    source: hosted
    version: "2.0.3"
  sqflite_common:
    dependency: transitive
    description:
      name: sqflite_common
      sha256: b504fc5b4576a05586a0bb99d9bcc0d37a78d9d5ed68b96c361d5d3a8e538275
      url: "https://pub.dev"
    source: hosted
    version: "2.2.1+1"
  stack_trace:
    dependency: transitive
    description:
      name: stack_trace
      sha256: c3c7d8edb15bee7f0f74debd4b9c5f3c2ea86766fe4178eb2a18eb30a0bdaed5
      url: "https://pub.dev"
    source: hosted
    version: "1.11.0"
  state_notifier:
    dependency: transitive
    description:
      name: state_notifier
      sha256: "8fe42610f179b843b12371e40db58c9444f8757f8b69d181c97e50787caed289"
      url: "https://pub.dev"
    source: hosted
    version: "0.7.2+1"
  story_view:
    dependency: "direct main"
    description:
      name: story_view
      sha256: e1a647ef0682e46a3de5254a46ac3b809b5c2a509998365966958f977a127db4
      url: "https://pub.dev"
    source: hosted
    version: "0.14.0"
  stream_channel:
    dependency: transitive
    description:
      name: stream_channel
      sha256: "83615bee9045c1d322bbbd1ba209b7a749c2cbcdcb3fdd1df8eb488b3279c1c8"
      url: "https://pub.dev"
    source: hosted
    version: "2.1.1"
  string_scanner:
    dependency: transitive
    description:
      name: string_scanner
      sha256: "556692adab6cfa87322a115640c11f13cb77b3f076ddcc5d6ae3c20242bedcde"
      url: "https://pub.dev"
    source: hosted
    version: "1.2.0"
  swipe_to:
    dependency: "direct main"
    description:
      name: swipe_to
      sha256: "6274e148a02b32dfa8ae8634c9aa6196bf5bc2d88653650abd11d2eb52fc5e29"
      url: "https://pub.dev"
    source: hosted
    version: "1.0.2"
  synchronized:
    dependency: transitive
    description:
      name: synchronized
      sha256: "33b31b6beb98100bf9add464a36a8dd03eb10c7a8cf15aeec535e9b054aaf04b"
      url: "https://pub.dev"
    source: hosted
    version: "3.0.1"
  term_glyph:
    dependency: transitive
    description:
      name: term_glyph
      sha256: a29248a84fbb7c79282b40b8c72a1209db169a2e0542bce341da992fe1bc7e84
      url: "https://pub.dev"
    source: hosted
    version: "1.2.1"
  test_api:
    dependency: transitive
    description:
      name: test_api
      sha256: ad540f65f92caa91bf21dfc8ffb8c589d6e4dc0c2267818b4cc2792857706206
      url: "https://pub.dev"
    source: hosted
    version: "0.4.16"
  typed_data:
    dependency: transitive
    description:
      name: typed_data
      sha256: "26f87ade979c47a150c9eaab93ccd2bebe70a27dc0b4b29517f2904f04eb11a5"
      url: "https://pub.dev"
    source: hosted
    version: "1.3.1"
  uuid:
    dependency: "direct main"
    description:
      name: uuid
      sha256: "648e103079f7c64a36dc7d39369cabb358d377078a051d6ae2ad3aa539519313"
      url: "https://pub.dev"
    source: hosted
    version: "3.0.7"
  vector_math:
    dependency: transitive
    description:
      name: vector_math
      sha256: "80b3257d1492ce4d091729e3a67a60407d227c27241d6927be0130c98e741803"
      url: "https://pub.dev"
    source: hosted
    version: "2.1.4"
  video_player:
    dependency: transitive
    description:
      name: video_player
      sha256: fe82e69e9cabe9c575c67af8c87f287370a0fbdda4b3586e65f1524a7863b9a1
      url: "https://pub.dev"
    source: hosted
    version: "2.4.5"
  video_player_android:
    dependency: transitive
    description:
      name: video_player_android
      sha256: "6b414609ebf7226bfc6b3963c06589822fc1f16110b79e511e8a26273e3543de"
      url: "https://pub.dev"
    source: hosted
    version: "2.3.7"
  video_player_avfoundation:
    dependency: transitive
    description:
      name: video_player_avfoundation
      sha256: "667fe547a819b2e29421ddd7755c874da3e55a77f0fb2309d3d5cf559343ece1"
      url: "https://pub.dev"
    source: hosted
    version: "2.3.5"
  video_player_platform_interface:
    dependency: transitive
    description:
      name: video_player_platform_interface
      sha256: "2f7280c19444f07233cf292c2881c751f680ad2fe94ca7fc50e2d8137cb99e63"
      url: "https://pub.dev"
    source: hosted
    version: "5.1.3"
  video_player_web:
    dependency: transitive
    description:
      name: video_player_web
      sha256: cc4f6fbc040d16d1a2e2e065d4cda5088e0bd235d2a794e6d074111c3b3bc48b
      url: "https://pub.dev"
    source: hosted
    version: "2.0.10"
  win32:
    dependency: transitive
    description:
      name: win32
      sha256: "6b75ac2ddd42f5c226fdaf4498a2b04071c06f1f2b8f7ab1c3f77cc7f2285ff1"
      url: "https://pub.dev"
    source: hosted
    version: "2.7.0"
  xdg_directories:
    dependency: transitive
    description:
      name: xdg_directories
      sha256: "060b6e1c891d956f72b5ac9463466c37cce3fa962a921532fc001e86fe93438e"
      url: "https://pub.dev"
    source: hosted
    version: "0.2.0+1"
sdks:
  dart: ">=2.19.0-0 <3.0.0"
  flutter: ">=3.7.0"
